
Microsoft Visual Studio Solution File, Format Version 12.00
# Visual Studio Version 17
VisualStudioVersion = 17.6.33829.357
MinimumVisualStudioVersion = 10.0.40219.1
Project("{9A19103F-16F7-4668-BE54-9A1E7A4F7556}") = "PrimarySite", "PrimarySite\PrimarySite.csproj", "{767D56D7-814B-4248-BE90-23EDA3054CCC}"
EndProject
Project("{9A19103F-16F7-4668-BE54-9A1E7A4F7556}") = "SubSite", "SubSite\SubSite.csproj", "{21AC25CD-32E1-4536-ADC5-7559563DAC3C}"
EndProject
Project("{FAE04EC0-301F-11D3-BF4B-00C04F79EFBC}") = "SubSiteTwo", "SubSiteTwo\SubSiteTwo.csproj", "{4C6386B0-592C-4679-AB5B-02DB1CDECF93}"
EndProject
Global
	GlobalSection(SolutionConfigurationPlatforms) = preSolution
		Debug|Any CPU = Debug|Any CPU
		Release|Any CPU = Release|Any CPU
	EndGlobalSection
	GlobalSection(ProjectConfigurationPlatforms) = postSolution
		{767D56D7-814B-4248-BE90-23EDA3054CCC}.Debug|Any CPU.ActiveCfg = Debug|Any CPU
		{767D56D7-814B-4248-BE90-23EDA3054CCC}.Debug|Any CPU.Build.0 = Debug|Any CPU
		{767D56D7-814B-4248-BE90-23EDA3054CCC}.Release|Any CPU.ActiveCfg = Release|Any CPU
		{767D56D7-814B-4248-BE90-23EDA3054CCC}.Release|Any CPU.Build.0 = Release|Any CPU
		{21AC25CD-32E1-4536-ADC5-7559563DAC3C}.Debug|Any CPU.ActiveCfg = Debug|Any CPU
		{21AC25CD-32E1-4536-ADC5-7559563DAC3C}.Debug|Any CPU.Build.0 = Debug|Any CPU
		{21AC25CD-32E1-4536-ADC5-7559563DAC3C}.Release|Any CPU.ActiveCfg = Release|Any CPU
		{21AC25CD-32E1-4536-ADC5-7559563DAC3C}.Release|Any CPU.Build.0 = Release|Any CPU
		{4C6386B0-592C-4679-AB5B-02DB1CDECF93}.Debug|Any CPU.ActiveCfg = Debug|Any CPU
		{4C6386B0-592C-4679-AB5B-02DB1CDECF93}.Debug|Any CPU.Build.0 = Debug|Any CPU
		{4C6386B0-592C-4679-AB5B-02DB1CDECF93}.Release|Any CPU.ActiveCfg = Release|Any CPU
		{4C6386B0-592C-4679-AB5B-02DB1CDECF93}.Release|Any CPU.Build.0 = Release|Any CPU
	EndGlobalSection
	GlobalSection(SolutionProperties) = preSolution
		HideSolutionNode = FALSE
	EndGlobalSection
	GlobalSection(ExtensibilityGlobals) = postSolution
		SolutionGuid = {AB2E537A-DB8C-420D-95B6-10B448F44216}
	EndGlobalSection
EndGlobal
